
Microsoft Visual Studio Solution File, Format Version 12.00
# Visual Studio Version 17
VisualStudioVersion = 17.2.32630.192
MinimumVisualStudioVersion = 10.0.40219.1
Project("{FAE04EC0-301F-11D3-BF4B-00C04F79EFBC}") = "TicTacToe", "TicTacToe\TicTacToe.csproj", "{82D9C484-7563-45F8-82D3-E1D2DBAF6EEA}"
EndProject
Global
	GlobalSection(SolutionConfigurationPlatforms) = preSolution
		Debug|Any CPU = Debug|Any CPU
		Release|Any CPU = Release|Any CPU
	EndGlobalSection
	GlobalSection(ProjectConfigurationPlatforms) = postSolution
		{82D9C484-7563-45F8-82D3-E1D2DBAF6EEA}.Debug|Any CPU.ActiveCfg = Debug|Any CPU
		{82D9C484-7563-45F8-82D3-E1D2DBAF6EEA}.Debug|Any CPU.Build.0 = Debug|Any CPU
		{82D9C484-7563-45F8-82D3-E1D2DBAF6EEA}.Release|Any CPU.ActiveCfg = Release|Any CPU
		{82D9C484-7563-45F8-82D3-E1D2DBAF6EEA}.Release|Any CPU.Build.0 = Release|Any CPU
	EndGlobalSection
	GlobalSection(SolutionProperties) = preSolution
		HideSolutionNode = FALSE
	EndGlobalSection
	GlobalSection(ExtensibilityGlobals) = postSolution
		SolutionGuid = {36D74B77-1C50-4C3C-9F83-AD15979CD862}
	EndGlobalSection
EndGlobal
